
Microsoft Visual Studio Solution File, Format Version 12.00
# Visual Studio Version 16
VisualStudioVersion = 16.0.30204.135
MinimumVisualStudioVersion = 10.0.40219.1
Project("{FAE04EC0-301F-11D3-BF4B-00C04F79EFBC}") = "HS2_BetterPenetration", "HS2_BetterPenetration\HS2_BetterPenetration.csproj", "{F5E096BB-2509-4431-972E-148500210D06}"
EndProject
Project("{FAE04EC0-301F-11D3-BF4B-00C04F79EFBC}") = "AI_BetterPenetration", "AI_BetterPenetration\AI_BetterPenetration.csproj", "{052B343B-8793-481B-B053-0A99B09A0B52}"
EndProject
Global
	GlobalSection(SolutionConfigurationPlatforms) = preSolution
		Debug|Any CPU = Debug|Any CPU
		Release|Any CPU = Release|Any CPU
	EndGlobalSection
	GlobalSection(ProjectConfigurationPlatforms) = postSolution
		{F5E096BB-2509-4431-972E-148500210D06}.Debug|Any CPU.ActiveCfg = Debug|Any CPU
		{F5E096BB-2509-4431-972E-148500210D06}.Debug|Any CPU.Build.0 = Debug|Any CPU
		{F5E096BB-2509-4431-972E-148500210D06}.Release|Any CPU.ActiveCfg = Release|Any CPU
		{F5E096BB-2509-4431-972E-148500210D06}.Release|Any CPU.Build.0 = Release|Any CPU
		{052B343B-8793-481B-B053-0A99B09A0B52}.Debug|Any CPU.ActiveCfg = Debug|Any CPU
		{052B343B-8793-481B-B053-0A99B09A0B52}.Debug|Any CPU.Build.0 = Debug|Any CPU
		{052B343B-8793-481B-B053-0A99B09A0B52}.Release|Any CPU.ActiveCfg = Release|Any CPU
		{052B343B-8793-481B-B053-0A99B09A0B52}.Release|Any CPU.Build.0 = Release|Any CPU
	EndGlobalSection
	GlobalSection(SolutionProperties) = preSolution
		HideSolutionNode = FALSE
	EndGlobalSection
	GlobalSection(ExtensibilityGlobals) = postSolution
		SolutionGuid = {CCFA8C78-8530-4958-8678-C27D5C24C5F8}
	EndGlobalSection
EndGlobal
