
Microsoft Visual Studio Solution File, Format Version 12.00
# Visual Studio Version 16
VisualStudioVersion = 16.0.30204.135
MinimumVisualStudioVersion = 10.0.40219.1
Project("{FAE04EC0-301F-11D3-BF4B-00C04F79EFBC}") = "HS2_BetterPenetration", "HS2_BetterPenetration\HS2_BetterPenetration.csproj", "{F5E096BB-2509-4431-972E-148500210D06}"
EndProject
Project("{FAE04EC0-301F-11D3-BF4B-00C04F79EFBC}") = "AI_BetterPenetration", "AI_BetterPenetration\AI_BetterPenetration.csproj", "{052B343B-8793-481B-B053-0A99B09A0B52}"
EndProject
Project("{D954291E-2A0B-460D-934E-DC6B0785DB48}") = "Core_BetterPenetration", "Core_BetterPenetration\Core_BetterPenetration.shproj", "{CCD25B62-1040-4727-A0B5-78335FCF9F01}"
EndProject
Project("{FAE04EC0-301F-11D3-BF4B-00C04F79EFBC}") = "KK_BetterPenetration", "KK_BetterPenetration\KK_BetterPenetration.csproj", "{13F643E0-45CA-483E-ADFA-32634A22787E}"
EndProject
Project("{FAE04EC0-301F-11D3-BF4B-00C04F79EFBC}") = "HS2_Studio_BetterPenetration", "HS2_Studio_BetterPenetration\HS2_Studio_BetterPenetration.csproj", "{06A2BE07-7AB5-46CD-8A77-FDE1BFDE687C}"
EndProject
Project("{FAE04EC0-301F-11D3-BF4B-00C04F79EFBC}") = "AI_Studio_BetterPenetrationControls", "AI_Studio_BetterPenetrationControls\AI_Studio_BetterPenetrationControls.csproj", "{A895A98D-20D6-4CD9-AB43-3542947D71B7}"
EndProject
Project("{FAE04EC0-301F-11D3-BF4B-00C04F79EFBC}") = "HS2_Studio_BetterPenetrationControls", "HS2_Studio_BetterPenetrationControls\HS2_Studio_BetterPenetrationControls.csproj", "{A3511273-E8FA-44E5-8890-BB1920707F5F}"
EndProject
Project("{FAE04EC0-301F-11D3-BF4B-00C04F79EFBC}") = "AI_Studio_BetterPenetration", "AI_Studio_BetterPenetration\AI_Studio_BetterPenetration.csproj", "{7008D2E3-1C29-4786-A4F6-7CFD6D6D8AD9}"
EndProject
Project("{FAE04EC0-301F-11D3-BF4B-00C04F79EFBC}") = "KK_Studio_BetterPenetration", "KK_Studio_BetterPenetration\KK_Studio_BetterPenetration.csproj", "{A68BEAE5-21B9-4C45-9624-A377BB953238}"
EndProject
Project("{FAE04EC0-301F-11D3-BF4B-00C04F79EFBC}") = "KK_Studio_BetterPenetrationControls", "KK_Studio_BetterPenetrationControls\KK_Studio_BetterPenetrationControls.csproj", "{5EFDA20F-BBA2-4317-BCBB-8B8695DC4B34}"
EndProject
Project("{FAE04EC0-301F-11D3-BF4B-00C04F79EFBC}") = "KKS_BetterPenetration", "KKS_BetterPenetration\KKS_BetterPenetration.csproj", "{0FF42A1B-86EB-4CEE-BD04-DA3BB249773F}"
EndProject
Project("{FAE04EC0-301F-11D3-BF4B-00C04F79EFBC}") = "KKS_Studio_BetterPenetration", "KKS_Studio_BetterPenetration\KKS_Studio_BetterPenetration.csproj", "{B2F3F19C-14D5-477B-ADF7-EFBE76E85AD7}"
EndProject
Project("{FAE04EC0-301F-11D3-BF4B-00C04F79EFBC}") = "KKS_Studio_BetterPenetrationControls", "KKS_Studio_BetterPenetrationControls\KKS_Studio_BetterPenetrationControls.csproj", "{1A1E2F75-64DA-4F9F-829B-746F9C2A5C8B}"
EndProject
Global
	GlobalSection(SharedMSBuildProjectFiles) = preSolution
		Core_BetterPenetration\Core_BetterPenetration.projitems*{052b343b-8793-481b-b053-0a99b09a0b52}*SharedItemsImports = 4
		Core_BetterPenetration\Core_BetterPenetration.projitems*{06a2be07-7ab5-46cd-8a77-fde1bfde687c}*SharedItemsImports = 4
		Core_BetterPenetration\Core_BetterPenetration.projitems*{0ff42a1b-86eb-4cee-bd04-da3bb249773f}*SharedItemsImports = 4
		Core_BetterPenetration\Core_BetterPenetration.projitems*{13f643e0-45ca-483e-adfa-32634a22787e}*SharedItemsImports = 4
		Core_BetterPenetration\Core_BetterPenetration.projitems*{7008d2e3-1c29-4786-a4f6-7cfd6d6d8ad9}*SharedItemsImports = 4
		Core_BetterPenetration\Core_BetterPenetration.projitems*{a68beae5-21b9-4c45-9624-a377bb953238}*SharedItemsImports = 4
		Core_BetterPenetration\Core_BetterPenetration.projitems*{b2f3f19c-14d5-477b-adf7-efbe76e85ad7}*SharedItemsImports = 4
		Core_BetterPenetration\Core_BetterPenetration.projitems*{ccd25b62-1040-4727-a0b5-78335fcf9f01}*SharedItemsImports = 13
		Core_BetterPenetration\Core_BetterPenetration.projitems*{f5e096bb-2509-4431-972e-148500210d06}*SharedItemsImports = 4
	EndGlobalSection
	GlobalSection(SolutionConfigurationPlatforms) = preSolution
		Debug|Any CPU = Debug|Any CPU
		Release|Any CPU = Release|Any CPU
	EndGlobalSection
	GlobalSection(ProjectConfigurationPlatforms) = postSolution
		{F5E096BB-2509-4431-972E-148500210D06}.Debug|Any CPU.ActiveCfg = Debug|Any CPU
		{F5E096BB-2509-4431-972E-148500210D06}.Debug|Any CPU.Build.0 = Debug|Any CPU
		{F5E096BB-2509-4431-972E-148500210D06}.Release|Any CPU.ActiveCfg = Release|Any CPU
		{F5E096BB-2509-4431-972E-148500210D06}.Release|Any CPU.Build.0 = Release|Any CPU
		{052B343B-8793-481B-B053-0A99B09A0B52}.Debug|Any CPU.ActiveCfg = Debug|Any CPU
		{052B343B-8793-481B-B053-0A99B09A0B52}.Debug|Any CPU.Build.0 = Debug|Any CPU
		{052B343B-8793-481B-B053-0A99B09A0B52}.Release|Any CPU.ActiveCfg = Release|Any CPU
		{052B343B-8793-481B-B053-0A99B09A0B52}.Release|Any CPU.Build.0 = Release|Any CPU
		{13F643E0-45CA-483E-ADFA-32634A22787E}.Debug|Any CPU.ActiveCfg = Debug|Any CPU
		{13F643E0-45CA-483E-ADFA-32634A22787E}.Debug|Any CPU.Build.0 = Debug|Any CPU
		{13F643E0-45CA-483E-ADFA-32634A22787E}.Release|Any CPU.ActiveCfg = Release|Any CPU
		{13F643E0-45CA-483E-ADFA-32634A22787E}.Release|Any CPU.Build.0 = Release|Any CPU
		{06A2BE07-7AB5-46CD-8A77-FDE1BFDE687C}.Debug|Any CPU.ActiveCfg = Debug|Any CPU
		{06A2BE07-7AB5-46CD-8A77-FDE1BFDE687C}.Debug|Any CPU.Build.0 = Debug|Any CPU
		{06A2BE07-7AB5-46CD-8A77-FDE1BFDE687C}.Release|Any CPU.ActiveCfg = Release|Any CPU
		{06A2BE07-7AB5-46CD-8A77-FDE1BFDE687C}.Release|Any CPU.Build.0 = Release|Any CPU
		{A895A98D-20D6-4CD9-AB43-3542947D71B7}.Debug|Any CPU.ActiveCfg = Debug|Any CPU
		{A895A98D-20D6-4CD9-AB43-3542947D71B7}.Debug|Any CPU.Build.0 = Debug|Any CPU
		{A895A98D-20D6-4CD9-AB43-3542947D71B7}.Release|Any CPU.ActiveCfg = Release|Any CPU
		{A895A98D-20D6-4CD9-AB43-3542947D71B7}.Release|Any CPU.Build.0 = Release|Any CPU
		{A3511273-E8FA-44E5-8890-BB1920707F5F}.Debug|Any CPU.ActiveCfg = Debug|Any CPU
		{A3511273-E8FA-44E5-8890-BB1920707F5F}.Debug|Any CPU.Build.0 = Debug|Any CPU
		{A3511273-E8FA-44E5-8890-BB1920707F5F}.Release|Any CPU.ActiveCfg = Release|Any CPU
		{A3511273-E8FA-44E5-8890-BB1920707F5F}.Release|Any CPU.Build.0 = Release|Any CPU
		{7008D2E3-1C29-4786-A4F6-7CFD6D6D8AD9}.Debug|Any CPU.ActiveCfg = Debug|Any CPU
		{7008D2E3-1C29-4786-A4F6-7CFD6D6D8AD9}.Debug|Any CPU.Build.0 = Debug|Any CPU
		{7008D2E3-1C29-4786-A4F6-7CFD6D6D8AD9}.Release|Any CPU.ActiveCfg = Release|Any CPU
		{7008D2E3-1C29-4786-A4F6-7CFD6D6D8AD9}.Release|Any CPU.Build.0 = Release|Any CPU
		{A68BEAE5-21B9-4C45-9624-A377BB953238}.Debug|Any CPU.ActiveCfg = Debug|Any CPU
		{A68BEAE5-21B9-4C45-9624-A377BB953238}.Debug|Any CPU.Build.0 = Debug|Any CPU
		{A68BEAE5-21B9-4C45-9624-A377BB953238}.Release|Any CPU.ActiveCfg = Release|Any CPU
		{A68BEAE5-21B9-4C45-9624-A377BB953238}.Release|Any CPU.Build.0 = Release|Any CPU
		{5EFDA20F-BBA2-4317-BCBB-8B8695DC4B34}.Debug|Any CPU.ActiveCfg = Debug|Any CPU
		{5EFDA20F-BBA2-4317-BCBB-8B8695DC4B34}.Debug|Any CPU.Build.0 = Debug|Any CPU
		{5EFDA20F-BBA2-4317-BCBB-8B8695DC4B34}.Release|Any CPU.ActiveCfg = Release|Any CPU
		{5EFDA20F-BBA2-4317-BCBB-8B8695DC4B34}.Release|Any CPU.Build.0 = Release|Any CPU
		{0FF42A1B-86EB-4CEE-BD04-DA3BB249773F}.Debug|Any CPU.ActiveCfg = Debug|Any CPU
		{0FF42A1B-86EB-4CEE-BD04-DA3BB249773F}.Debug|Any CPU.Build.0 = Debug|Any CPU
		{0FF42A1B-86EB-4CEE-BD04-DA3BB249773F}.Release|Any CPU.ActiveCfg = Release|Any CPU
		{0FF42A1B-86EB-4CEE-BD04-DA3BB249773F}.Release|Any CPU.Build.0 = Release|Any CPU
		{B2F3F19C-14D5-477B-ADF7-EFBE76E85AD7}.Debug|Any CPU.ActiveCfg = Debug|Any CPU
		{B2F3F19C-14D5-477B-ADF7-EFBE76E85AD7}.Debug|Any CPU.Build.0 = Debug|Any CPU
		{B2F3F19C-14D5-477B-ADF7-EFBE76E85AD7}.Release|Any CPU.ActiveCfg = Release|Any CPU
		{B2F3F19C-14D5-477B-ADF7-EFBE76E85AD7}.Release|Any CPU.Build.0 = Release|Any CPU
		{1A1E2F75-64DA-4F9F-829B-746F9C2A5C8B}.Debug|Any CPU.ActiveCfg = Debug|Any CPU
		{1A1E2F75-64DA-4F9F-829B-746F9C2A5C8B}.Debug|Any CPU.Build.0 = Debug|Any CPU
		{1A1E2F75-64DA-4F9F-829B-746F9C2A5C8B}.Release|Any CPU.ActiveCfg = Release|Any CPU
		{1A1E2F75-64DA-4F9F-829B-746F9C2A5C8B}.Release|Any CPU.Build.0 = Release|Any CPU
	EndGlobalSection
	GlobalSection(SolutionProperties) = preSolution
		HideSolutionNode = FALSE
	EndGlobalSection
	GlobalSection(ExtensibilityGlobals) = postSolution
		SolutionGuid = {CCFA8C78-8530-4958-8678-C27D5C24C5F8}
	EndGlobalSection
EndGlobal
